// !$*UTF8*$!
{
	archiveVersion = 1;
	classes = {
	};
	objectVersion = 46;
	objects = {

/* Begin PBXBuildFile section */
		ED39EFC71E8A65FD00CDF0BF /* main.m in Sources */ = {isa = PBXBuildFile; fileRef = ED39EFC61E8A65FD00CDF0BF /* main.m */; };
		ED39EFCA1E8A65FD00CDF0BF /* AppDelegate.m in Sources */ = {isa = PBXBuildFile; fileRef = ED39EFC91E8A65FD00CDF0BF /* AppDelegate.m */; };
		ED39EFCD1E8A65FD00CDF0BF /* FirstViewController.m in Sources */ = {isa = PBXBuildFile; fileRef = ED39EFCC1E8A65FD00CDF0BF /* FirstViewController.m */; };
		ED39EFD01E8A65FD00CDF0BF /* SecondViewController.m in Sources */ = {isa = PBXBuildFile; fileRef = ED39EFCF1E8A65FD00CDF0BF /* SecondViewController.m */; };
		ED39EFD31E8A65FD00CDF0BF /* Main.storyboard in Resources */ = {isa = PBXBuildFile; fileRef = ED39EFD11E8A65FD00CDF0BF /* Main.storyboard */; };
		ED39EFD51E8A65FD00CDF0BF /* Assets.xcassets in Resources */ = {isa = PBXBuildFile; fileRef = ED39EFD41E8A65FD00CDF0BF /* Assets.xcassets */; };
		ED39EFD81E8A65FD00CDF0BF /* LaunchScreen.storyboard in Resources */ = {isa = PBXBuildFile; fileRef = ED39EFD61E8A65FD00CDF0BF /* LaunchScreen.storyboard */; };
/* End PBXBuildFile section */

/* Begin PBXFileReference section */
		ED39EFC21E8A65FD00CDF0BF /* TTDemo_Category.app */ = {isa = PBXFileReference; explicitFileType = wrapper.application; includeInIndex = 0; path = TTDemo_Category.app; sourceTree = BUILT_PRODUCTS_DIR; };
		ED39EFC61E8A65FD00CDF0BF /* main.m */ = {isa = PBXFileReference; lastKnownFileType = sourcecode.c.objc; path = main.m; sourceTree = "<group>"; };
		ED39EFC81E8A65FD00CDF0BF /* AppDelegate.h */ = {isa = PBXFileReference; lastKnownFileType = sourcecode.c.h; path = AppDelegate.h; sourceTree = "<group>"; };
		ED39EFC91E8A65FD00CDF0BF /* AppDelegate.m */ = {isa = PBXFileReference; lastKnownFileType = sourcecode.c.objc; path = AppDelegate.m; sourceTree = "<group>"; };
		ED39EFCB1E8A65FD00CDF0BF /* FirstViewController.h */ = {isa = PBXFileReference; lastKnownFileType = sourcecode.c.h; path = FirstViewController.h; sourceTree = "<group>"; };
		ED39EFCC1E8A65FD00CDF0BF /* FirstViewController.m */ = {isa = PBXFileReference; lastKnownFileType = sourcecode.c.objc; path = FirstViewController.m; sourceTree = "<group>"; };
		ED39EFCE1E8A65FD00CDF0BF /* SecondViewController.h */ = {isa = PBXFileReference; lastKnownFileType = sourcecode.c.h; path = SecondViewController.h; sourceTree = "<group>"; };
		ED39EFCF1E8A65FD00CDF0BF /* SecondViewController.m */ = {isa = PBXFileReference; lastKnownFileType = sourcecode.c.objc; path = SecondViewController.m; sourceTree = "<group>"; };
		ED39EFD21E8A65FD00CDF0BF /* Base */ = {isa = PBXFileReference; lastKnownFileType = file.storyboard; name = Base; path = Base.lproj/Main.storyboard; sourceTree = "<group>"; };
		ED39EFD41E8A65FD00CDF0BF /* Assets.xcassets */ = {isa = PBXFileReference; lastKnownFileType = folder.assetcatalog; path = Assets.xcassets; sourceTree = "<group>"; };
		ED39EFD71E8A65FD00CDF0BF /* Base */ = {isa = PBXFileReference; lastKnownFileType = file.storyboard; name = Base; path = Base.lproj/LaunchScreen.storyboard; sourceTree = "<group>"; };
		ED39EFD91E8A65FD00CDF0BF /* Info.plist */ = {isa = PBXFileReference; lastKnownFileType = text.plist.xml; path = Info.plist; sourceTree = "<group>"; };
/* End PBXFileReference section */

/* Begin PBXFrameworksBuildPhase section */
		ED39EFBF1E8A65FD00CDF0BF /* Frameworks */ = {
			isa = PBXFrameworksBuildPhase;
			buildActionMask = 2147483647;
			files = (
			);
			runOnlyForDeploymentPostprocessing = 0;
		};
/* End PBXFrameworksBuildPhase section */

/* Begin PBXGroup section */
		ED39EFB91E8A65FD00CDF0BF = {
			isa = PBXGroup;
			children = (
				ED39EFC41E8A65FD00CDF0BF /* TTDemo_Category */,
				ED39EFC31E8A65FD00CDF0BF /* Products */,
			);
			sourceTree = "<group>";
		};
		ED39EFC31E8A65FD00CDF0BF /* Products */ = {
			isa = PBXGroup;
			children = (
				ED39EFC21E8A65FD00CDF0BF /* TTDemo_Category.app */,
			);
			name = Products;
			sourceTree = "<group>";
		};
		ED39EFC41E8A65FD00CDF0BF /* TTDemo_Category */ = {
			isa = PBXGroup;
			children = (
				ED39EFC81E8A65FD00CDF0BF /* AppDelegate.h */,
				ED39EFC91E8A65FD00CDF0BF /* AppDelegate.m */,
				ED39EFCB1E8A65FD00CDF0BF /* FirstViewController.h */,
				ED39EFCC1E8A65FD00CDF0BF /* FirstViewController.m */,
				ED39EFCE1E8A65FD00CDF0BF /* SecondViewController.h */,
				ED39EFCF1E8A65FD00CDF0BF /* SecondViewController.m */,
				ED39EFD11E8A65FD00CDF0BF /* Main.storyboard */,
				ED39EFD41E8A65FD00CDF0BF /* Assets.xcassets */,
				ED39EFD61E8A65FD00CDF0BF /* LaunchScreen.storyboard */,
				ED39EFD91E8A65FD00CDF0BF /* Info.plist */,
				ED39EFC51E8A65FD00CDF0BF /* Supporting Files */,
			);
			path = TTDemo_Category;
			sourceTree = "<group>";
		};
		ED39EFC51E8A65FD00CDF0BF /* Supporting Files */ = {
			isa = PBXGroup;
			children = (
				ED39EFC61E8A65FD00CDF0BF /* main.m */,
			);
			name = "Supporting Files";
			sourceTree = "<group>";
		};
/* End PBXGroup section */

/* Begin PBXNativeTarget section */
		ED39EFC11E8A65FD00CDF0BF /* TTDemo_Category */ = {
			isa = PBXNativeTarget;
			buildConfigurationList = ED39EFDC1E8A65FD00CDF0BF /* Build configuration list for PBXNativeTarget "TTDemo_Category" */;
			buildPhases = (
				ED39EFBE1E8A65FD00CDF0BF /* Sources */,
				ED39EFBF1E8A65FD00CDF0BF /* Frameworks */,
				ED39EFC01E8A65FD00CDF0BF /* Resources */,
			);
			buildRules = (
			);
			dependencies = (
			);
			name = TTDemo_Category;
			productName = TTDemo_Category;
			productReference = ED39EFC21E8A65FD00CDF0BF /* TTDemo_Category.app */;
			productType = "com.apple.product-type.application";
		};
/* End PBXNativeTarget section */

/* Begin PBXProject section */
		ED39EFBA1E8A65FD00CDF0BF /* Project object */ = {
			isa = PBXProject;
			attributes = {
				LastUpgradeCheck = 0830;
				ORGANIZATIONNAME = demo;
				TargetAttributes = {
					ED39EFC11E8A65FD00CDF0BF = {
						CreatedOnToolsVersion = 8.3;
						DevelopmentTeam = ZWR8MWYL3V;
						ProvisioningStyle = Automatic;
					};
				};
			};
			buildConfigurationList = ED39EFBD1E8A65FD00CDF0BF /* Build configuration list for PBXProject "TTDemo_Category" */;
			compatibilityVersion = "Xcode 3.2";
			developmentRegion = English;
			hasScannedForEncodings = 0;
			knownRegions = (
				en,
				Base,
			);
			mainGroup = ED39EFB91E8A65FD00CDF0BF;
			productRefGroup = ED39EFC31E8A65FD00CDF0BF /* Products */;
			projectDirPath = "";
			projectRoot = "";
			targets = (
				ED39EFC11E8A65FD00CDF0BF /* TTDemo_Category */,
			);
		};
/* End PBXProject section */

/* Begin PBXResourcesBuildPhase section */
		ED39EFC01E8A65FD00CDF0BF /* Resources */ = {
			isa = PBXResourcesBuildPhase;
			buildActionMask = 2147483647;
			files = (
				ED39EFD81E8A65FD00CDF0BF /* LaunchScreen.storyboard in Resources */,
				ED39EFD51E8A65FD00CDF0BF /* Assets.xcassets in Resources */,
				ED39EFD31E8A65FD00CDF0BF /* Main.storyboard in Resources */,
			);
			runOnlyForDeploymentPostprocessing = 0;
		};
/* End PBXResourcesBuildPhase section */

/* Begin PBXSourcesBuildPhase section */
		ED39EFBE1E8A65FD00CDF0BF /* Sources */ = {
			isa = PBXSourcesBuildPhase;
			buildActionMask = 2147483647;
			files = (
				ED39EFD01E8A65FD00CDF0BF /* SecondViewController.m in Sources */,
				ED39EFCA1E8A65FD00CDF0BF /* AppDelegate.m in Sources */,
				ED39EFCD1E8A65FD00CDF0BF /* FirstViewController.m in Sources */,
				ED39EFC71E8A65FD00CDF0BF /* main.m in Sources */,
			);
			runOnlyForDeploymentPostprocessing = 0;
		};
/* End PBXSourcesBuildPhase section */

/* Begin PBXVariantGroup section */
		ED39EFD11E8A65FD00CDF0BF /* Main.storyboard */ = {
			isa = PBXVariantGroup;
			children = (
				ED39EFD21E8A65FD00CDF0BF /* Base */,
			);
			name = Main.storyboard;
			sourceTree = "<group>";
		};
		ED39EFD61E8A65FD00CDF0BF /* LaunchScreen.storyboard */ = {
			isa = PBXVariantGroup;
			children = (
				ED39EFD71E8A65FD00CDF0BF /* Base */,
			);
			name = LaunchScreen.storyboard;
			sourceTree = "<group>";
		};
/* End PBXVariantGroup section */

/* Begin XCBuildConfiguration section */
		ED39EFDA1E8A65FD00CDF0BF /* Debug */ = {
			isa = XCBuildConfiguration;
			buildSettings = {
				ALWAYS_SEARCH_USER_PATHS = NO;
				CLANG_ANALYZER_NONNULL = YES;
				CLANG_ANALYZER_NUMBER_OBJECT_CONVERSION = YES_AGGRESSIVE;
				CLANG_CXX_LANGUAGE_STANDARD = "gnu++0x";
				CLANG_CXX_LIBRARY = "libc++";
				CLANG_ENABLE_MODULES = YES;
				CLANG_ENABLE_OBJC_ARC = YES;
				CLANG_WARN_BOOL_CONVERSION = YES;
				CLANG_WARN_CONSTANT_CONVERSION = YES;
				CLANG_WARN_DIRECT_OBJC_ISA_USAGE = YES_ERROR;
				CLANG_WARN_DOCUMENTATION_COMMENTS = YES;
				CLANG_WARN_EMPTY_BODY = YES;
				CLANG_WARN_ENUM_CONVERSION = YES;
				CLANG_WARN_INFINITE_RECURSION = YES;
				CLANG_WARN_INT_CONVERSION = YES;
				CLANG_WARN_OBJC_ROOT_CLASS = YES_ERROR;
				CLANG_WARN_SUSPICIOUS_MOVE = YES;
				CLANG_WARN_UNREACHABLE_CODE = YES;
				CLANG_WARN__DUPLICATE_METHOD_MATCH = YES;
				"CODE_SIGN_IDENTITY[sdk=iphoneos*]" = "iPhone Developer";
				COPY_PHASE_STRIP = NO;
				DEBUG_INFORMATION_FORMAT = dwarf;
				ENABLE_STRICT_OBJC_MSGSEND = YES;
				ENABLE_TESTABILITY = YES;
				GCC_C_LANGUAGE_STANDARD = gnu99;
				GCC_DYNAMIC_NO_PIC = NO;
				GCC_NO_COMMON_BLOCKS = YES;
				GCC_OPTIMIZATION_LEVEL = 0;
				GCC_PREPROCESSOR_DEFINITIONS = (
					"DEBUG=1",
					"$(inherited)",
				);
				GCC_WARN_64_TO_32_BIT_CONVERSION = YES;
				GCC_WARN_ABOUT_RETURN_TYPE = YES_ERROR;
				GCC_WARN_UNDECLARED_SELECTOR = YES;
				GCC_WARN_UNINITIALIZED_AUTOS = YES_AGGRESSIVE;
				GCC_WARN_UNUSED_FUNCTION = YES;
				GCC_WARN_UNUSED_VARIABLE = YES;
				IPHONEOS_DEPLOYMENT_TARGET = 10.3;
				MTL_ENABLE_DEBUG_INFO = YES;
				ONLY_ACTIVE_ARCH = YES;
				SDKROOT = iphoneos;
			};
			name = Debug;
		};
		ED39EFDB1E8A65FD00CDF0BF /* Release */ = {
			isa = XCBuildConfiguration;
			buildSettings = {
				ALWAYS_SEARCH_USER_PATHS = NO;
				CLANG_ANALYZER_NONNULL = YES;
				CLANG_ANALYZER_NUMBER_OBJECT_CONVERSION = YES_AGGRESSIVE;
				CLANG_CXX_LANGUAGE_STANDARD = "gnu++0x";
				CLANG_CXX_LIBRARY = "libc++";
				CLANG_ENABLE_MODULES = YES;
				CLANG_ENABLE_OBJC_ARC = YES;
				CLANG_WARN_BOOL_CONVERSION = YES;
				CLANG_WARN_CONSTANT_CONVERSION = YES;
				CLANG_WARN_DIRECT_OBJC_ISA_USAGE = YES_ERROR;
				CLANG_WARN_DOCUMENTATION_COMMENTS = YES;
				CLANG_WARN_EMPTY_BODY = YES;
				CLANG_WARN_ENUM_CONVERSION = YES;
				CLANG_WARN_INFINITE_RECURSION = YES;
				CLANG_WARN_INT_CONVERSION = YES;
				CLANG_WARN_OBJC_ROOT_CLASS = YES_ERROR;
				CLANG_WARN_SUSPICIOUS_MOVE = YES;
				CLANG_WARN_UNREACHABLE_CODE = YES;
				CLANG_WARN__DUPLICATE_METHOD_MATCH = YES;
				"CODE_SIGN_IDENTITY[sdk=iphoneos*]" = "iPhone Developer";
				COPY_PHASE_STRIP = NO;
				DEBUG_INFORMATION_FORMAT = "dwarf-with-dsym";
				ENABLE_NS_ASSERTIONS = NO;
				ENABLE_STRICT_OBJC_MSGSEND = YES;
				GCC_C_LANGUAGE_STANDARD = gnu99;
				GCC_NO_COMMON_BLOCKS = YES;
				GCC_WARN_64_TO_32_BIT_CONVERSION = YES;
				GCC_WARN_ABOUT_RETURN_TYPE = YES_ERROR;
				GCC_WARN_UNDECLARED_SELECTOR = YES;
				GCC_WARN_UNINITIALIZED_AUTOS = YES_AGGRESSIVE;
				GCC_WARN_UNUSED_FUNCTION = YES;
				GCC_WARN_UNUSED_VARIABLE = YES;
				IPHONEOS_DEPLOYMENT_TARGET = 10.3;
				MTL_ENABLE_DEBUG_INFO = NO;
				SDKROOT = iphoneos;
				VALIDATE_PRODUCT = YES;
			};
			name = Release;
		};
		ED39EFDD1E8A65FD00CDF0BF /* Debug */ = {
			isa = XCBuildConfiguration;
			buildSettings = {
				ASSETCATALOG_COMPILER_APPICON_NAME = AppIcon;
				DEVELOPMENT_TEAM = ZWR8MWYL3V;
				INFOPLIST_FILE = TTDemo_Category/Info.plist;
				LD_RUNPATH_SEARCH_PATHS = "$(inherited) @executable_path/Frameworks";
				PRODUCT_BUNDLE_IDENTIFIER = "demo.TTDemo-Category";
				PRODUCT_NAME = "$(TARGET_NAME)";
			};
			name = Debug;
		};
		ED39EFDE1E8A65FD00CDF0BF /* Release */ = {
			isa = XCBuildConfiguration;
			buildSettings = {
				ASSETCATALOG_COMPILER_APPICON_NAME = AppIcon;
				DEVELOPMENT_TEAM = ZWR8MWYL3V;
				INFOPLIST_FILE = TTDemo_Category/Info.plist;
				LD_RUNPATH_SEARCH_PATHS = "$(inherited) @executable_path/Frameworks";
				PRODUCT_BUNDLE_IDENTIFIER = "demo.TTDemo-Category";
				PRODUCT_NAME = "$(TARGET_NAME)";
			};
			name = Release;
		};
/* End XCBuildConfiguration section */

/* Begin XCConfigurationList section */
		ED39EFBD1E8A65FD00CDF0BF /* Build configuration list for PBXProject "TTDemo_Category" */ = {
			isa = XCConfigurationList;
			buildConfigurations = (
				ED39EFDA1E8A65FD00CDF0BF /* Debug */,
				ED39EFDB1E8A65FD00CDF0BF /* Release */,
			);
			defaultConfigurationIsVisible = 0;
			defaultConfigurationName = Release;
		};
		ED39EFDC1E8A65FD00CDF0BF /* Build configuration list for PBXNativeTarget "TTDemo_Category" */ = {
			isa = XCConfigurationList;
			buildConfigurations = (
				ED39EFDD1E8A65FD00CDF0BF /* Debug */,
				ED39EFDE1E8A65FD00CDF0BF /* Release */,
			);
			defaultConfigurationIsVisible = 0;
		};
/* End XCConfigurationList section */
	};
	rootObject = ED39EFBA1E8A65FD00CDF0BF /* Project object */;
}
